
Microsoft Visual Studio Solution File, Format Version 12.00
# Visual Studio Version 16
VisualStudioVersion = 16.0.30204.135
MinimumVisualStudioVersion = 10.0.40219.1
Project("{FAE04EC0-301F-11D3-BF4B-00C04F79EFBC}") = "auto.ru", "avto.ru\auto.ru.csproj", "{D717CC8F-956D-444B-A0FF-63FDBD074453}"
EndProject
Global
	GlobalSection(SolutionConfigurationPlatforms) = preSolution
		Debug|Any CPU = Debug|Any CPU
		Release|Any CPU = Release|Any CPU
	EndGlobalSection
	GlobalSection(ProjectConfigurationPlatforms) = postSolution
		{D717CC8F-956D-444B-A0FF-63FDBD074453}.Debug|Any CPU.ActiveCfg = Debug|Any CPU
		{D717CC8F-956D-444B-A0FF-63FDBD074453}.Debug|Any CPU.Build.0 = Debug|Any CPU
		{D717CC8F-956D-444B-A0FF-63FDBD074453}.Release|Any CPU.ActiveCfg = Release|Any CPU
		{D717CC8F-956D-444B-A0FF-63FDBD074453}.Release|Any CPU.Build.0 = Release|Any CPU
	EndGlobalSection
	GlobalSection(SolutionProperties) = preSolution
		HideSolutionNode = FALSE
	EndGlobalSection
	GlobalSection(ExtensibilityGlobals) = postSolution
		SolutionGuid = {ED661C90-FE33-47BA-A833-1EB4DCF6D963}
	EndGlobalSection
EndGlobal
